
Microsoft Visual Studio Solution File, Format Version 12.00
# Visual Studio Version 16
VisualStudioVersion = 16.0.29503.13
MinimumVisualStudioVersion = 10.0.40219.1
Project("{FAE04EC0-301F-11D3-BF4B-00C04F79EFBC}") = "AllianceDivisionApp.Android", "AllianceDivisionApp.Android\AllianceDivisionApp.Android.csproj", "{3EC6FC96-2F35-45F5-A54D-E04107C156F8}"
EndProject
Project("{FAE04EC0-301F-11D3-BF4B-00C04F79EFBC}") = "AllianceDivisionApp.iOS", "AllianceDivisionApp.iOS\AllianceDivisionApp.iOS.csproj", "{1C8DFC79-A0F4-4A4B-981D-62377EB867CE}"
EndProject
Project("{FAE04EC0-301F-11D3-BF4B-00C04F79EFBC}") = "AllianceDivisionApp", "AllianceDivisionApp\AllianceDivisionApp.csproj", "{5DBA4FDD-1CF2-4357-AEE3-D8F133495DDD}"
EndProject
Global
	GlobalSection(SolutionConfigurationPlatforms) = preSolution
		Debug|Any CPU = Debug|Any CPU
		Debug|iPhone = Debug|iPhone
		Debug|iPhoneSimulator = Debug|iPhoneSimulator
		Release|Any CPU = Release|Any CPU
		Release|iPhone = Release|iPhone
		Release|iPhoneSimulator = Release|iPhoneSimulator
	EndGlobalSection
	GlobalSection(ProjectConfigurationPlatforms) = postSolution
		{3EC6FC96-2F35-45F5-A54D-E04107C156F8}.Debug|Any CPU.ActiveCfg = Debug|Any CPU
		{3EC6FC96-2F35-45F5-A54D-E04107C156F8}.Debug|Any CPU.Build.0 = Debug|Any CPU
		{3EC6FC96-2F35-45F5-A54D-E04107C156F8}.Debug|Any CPU.Deploy.0 = Debug|Any CPU
		{3EC6FC96-2F35-45F5-A54D-E04107C156F8}.Debug|iPhone.ActiveCfg = Debug|Any CPU
		{3EC6FC96-2F35-45F5-A54D-E04107C156F8}.Debug|iPhone.Build.0 = Debug|Any CPU
		{3EC6FC96-2F35-45F5-A54D-E04107C156F8}.Debug|iPhone.Deploy.0 = Debug|Any CPU
		{3EC6FC96-2F35-45F5-A54D-E04107C156F8}.Debug|iPhoneSimulator.ActiveCfg = Debug|Any CPU
		{3EC6FC96-2F35-45F5-A54D-E04107C156F8}.Debug|iPhoneSimulator.Build.0 = Debug|Any CPU
		{3EC6FC96-2F35-45F5-A54D-E04107C156F8}.Debug|iPhoneSimulator.Deploy.0 = Debug|Any CPU
		{3EC6FC96-2F35-45F5-A54D-E04107C156F8}.Release|Any CPU.ActiveCfg = Release|Any CPU
		{3EC6FC96-2F35-45F5-A54D-E04107C156F8}.Release|Any CPU.Build.0 = Release|Any CPU
		{3EC6FC96-2F35-45F5-A54D-E04107C156F8}.Release|Any CPU.Deploy.0 = Release|Any CPU
		{3EC6FC96-2F35-45F5-A54D-E04107C156F8}.Release|iPhone.ActiveCfg = Release|Any CPU
		{3EC6FC96-2F35-45F5-A54D-E04107C156F8}.Release|iPhone.Build.0 = Release|Any CPU
		{3EC6FC96-2F35-45F5-A54D-E04107C156F8}.Release|iPhone.Deploy.0 = Release|Any CPU
		{3EC6FC96-2F35-45F5-A54D-E04107C156F8}.Release|iPhoneSimulator.ActiveCfg = Release|Any CPU
		{3EC6FC96-2F35-45F5-A54D-E04107C156F8}.Release|iPhoneSimulator.Build.0 = Release|Any CPU
		{3EC6FC96-2F35-45F5-A54D-E04107C156F8}.Release|iPhoneSimulator.Deploy.0 = Release|Any CPU
		{1C8DFC79-A0F4-4A4B-981D-62377EB867CE}.Debug|Any CPU.ActiveCfg = Debug|iPhoneSimulator
		{1C8DFC79-A0F4-4A4B-981D-62377EB867CE}.Debug|Any CPU.Build.0 = Debug|iPhoneSimulator
		{1C8DFC79-A0F4-4A4B-981D-62377EB867CE}.Debug|Any CPU.Deploy.0 = Debug|iPhoneSimulator
		{1C8DFC79-A0F4-4A4B-981D-62377EB867CE}.Debug|iPhone.ActiveCfg = Debug|iPhone
		{1C8DFC79-A0F4-4A4B-981D-62377EB867CE}.Debug|iPhone.Build.0 = Debug|iPhone
		{1C8DFC79-A0F4-4A4B-981D-62377EB867CE}.Debug|iPhone.Deploy.0 = Debug|iPhone
		{1C8DFC79-A0F4-4A4B-981D-62377EB867CE}.Debug|iPhoneSimulator.ActiveCfg = Debug|iPhoneSimulator
		{1C8DFC79-A0F4-4A4B-981D-62377EB867CE}.Debug|iPhoneSimulator.Build.0 = Debug|iPhoneSimulator
		{1C8DFC79-A0F4-4A4B-981D-62377EB867CE}.Debug|iPhoneSimulator.Deploy.0 = Debug|iPhoneSimulator
		{1C8DFC79-A0F4-4A4B-981D-62377EB867CE}.Release|Any CPU.ActiveCfg = Release|iPhone
		{1C8DFC79-A0F4-4A4B-981D-62377EB867CE}.Release|Any CPU.Build.0 = Release|iPhone
		{1C8DFC79-A0F4-4A4B-981D-62377EB867CE}.Release|Any CPU.Deploy.0 = Release|iPhone
		{1C8DFC79-A0F4-4A4B-981D-62377EB867CE}.Release|iPhone.ActiveCfg = Release|iPhone
		{1C8DFC79-A0F4-4A4B-981D-62377EB867CE}.Release|iPhone.Build.0 = Release|iPhone
		{1C8DFC79-A0F4-4A4B-981D-62377EB867CE}.Release|iPhone.Deploy.0 = Release|iPhone
		{1C8DFC79-A0F4-4A4B-981D-62377EB867CE}.Release|iPhoneSimulator.ActiveCfg = Release|iPhoneSimulator
		{1C8DFC79-A0F4-4A4B-981D-62377EB867CE}.Release|iPhoneSimulator.Build.0 = Release|iPhoneSimulator
		{1C8DFC79-A0F4-4A4B-981D-62377EB867CE}.Release|iPhoneSimulator.Deploy.0 = Release|iPhoneSimulator
		{5DBA4FDD-1CF2-4357-AEE3-D8F133495DDD}.Debug|Any CPU.ActiveCfg = Debug|Any CPU
		{5DBA4FDD-1CF2-4357-AEE3-D8F133495DDD}.Debug|Any CPU.Build.0 = Debug|Any CPU
		{5DBA4FDD-1CF2-4357-AEE3-D8F133495DDD}.Debug|Any CPU.Deploy.0 = Debug|Any CPU
		{5DBA4FDD-1CF2-4357-AEE3-D8F133495DDD}.Debug|iPhone.ActiveCfg = Debug|Any CPU
		{5DBA4FDD-1CF2-4357-AEE3-D8F133495DDD}.Debug|iPhone.Build.0 = Debug|Any CPU
		{5DBA4FDD-1CF2-4357-AEE3-D8F133495DDD}.Debug|iPhone.Deploy.0 = Debug|Any CPU
		{5DBA4FDD-1CF2-4357-AEE3-D8F133495DDD}.Debug|iPhoneSimulator.ActiveCfg = Debug|Any CPU
		{5DBA4FDD-1CF2-4357-AEE3-D8F133495DDD}.Debug|iPhoneSimulator.Build.0 = Debug|Any CPU
		{5DBA4FDD-1CF2-4357-AEE3-D8F133495DDD}.Debug|iPhoneSimulator.Deploy.0 = Debug|Any CPU
		{5DBA4FDD-1CF2-4357-AEE3-D8F133495DDD}.Release|Any CPU.ActiveCfg = Release|Any CPU
		{5DBA4FDD-1CF2-4357-AEE3-D8F133495DDD}.Release|Any CPU.Build.0 = Release|Any CPU
		{5DBA4FDD-1CF2-4357-AEE3-D8F133495DDD}.Release|Any CPU.Deploy.0 = Release|Any CPU
		{5DBA4FDD-1CF2-4357-AEE3-D8F133495DDD}.Release|iPhone.ActiveCfg = Release|Any CPU
		{5DBA4FDD-1CF2-4357-AEE3-D8F133495DDD}.Release|iPhone.Build.0 = Release|Any CPU
		{5DBA4FDD-1CF2-4357-AEE3-D8F133495DDD}.Release|iPhone.Deploy.0 = Release|Any CPU
		{5DBA4FDD-1CF2-4357-AEE3-D8F133495DDD}.Release|iPhoneSimulator.ActiveCfg = Release|Any CPU
		{5DBA4FDD-1CF2-4357-AEE3-D8F133495DDD}.Release|iPhoneSimulator.Build.0 = Release|Any CPU
		{5DBA4FDD-1CF2-4357-AEE3-D8F133495DDD}.Release|iPhoneSimulator.Deploy.0 = Release|Any CPU
	EndGlobalSection
	GlobalSection(SolutionProperties) = preSolution
		HideSolutionNode = FALSE
	EndGlobalSection
	GlobalSection(ExtensibilityGlobals) = postSolution
		SolutionGuid = {AA572A26-C268-403F-9D57-E28BA108CEBC}
	EndGlobalSection
EndGlobal
